// !$*UTF8*$!
{
	archiveVersion = 1;
	classes = {
	};
	objectVersion = 55;
	objects = {

/* Begin PBXBuildFile section */
		07F58AAA273584DC0083A94B /* CleanMVVMApp.swift in Sources */ = {isa = PBXBuildFile; fileRef = 07F58AA9273584DC0083A94B /* CleanMVVMApp.swift */; };
		07F58AAC273584DC0083A94B /* ContentView.swift in Sources */ = {isa = PBXBuildFile; fileRef = 07F58AAB273584DC0083A94B /* ContentView.swift */; };
		07F58AAE273584DD0083A94B /* Assets.xcassets in Resources */ = {isa = PBXBuildFile; fileRef = 07F58AAD273584DD0083A94B /* Assets.xcassets */; };
		07F58AB1273584DD0083A94B /* Preview Assets.xcassets in Resources */ = {isa = PBXBuildFile; fileRef = 07F58AB0273584DD0083A94B /* Preview Assets.xcassets */; };
		07F58ABB273584DE0083A94B /* CleanMVVMTests.swift in Sources */ = {isa = PBXBuildFile; fileRef = 07F58ABA273584DE0083A94B /* CleanMVVMTests.swift */; };
		07F58AC5273584DE0083A94B /* CleanMVVMUITests.swift in Sources */ = {isa = PBXBuildFile; fileRef = 07F58AC4273584DE0083A94B /* CleanMVVMUITests.swift */; };
		07F58AC7273584DE0083A94B /* CleanMVVMUITestsLaunchTests.swift in Sources */ = {isa = PBXBuildFile; fileRef = 07F58AC6273584DE0083A94B /* CleanMVVMUITestsLaunchTests.swift */; };
/* End PBXBuildFile section */

/* Begin PBXContainerItemProxy section */
		07F58AB7273584DE0083A94B /* PBXContainerItemProxy */ = {
			isa = PBXContainerItemProxy;
			containerPortal = 07F58A9E273584DC0083A94B /* Project object */;
			proxyType = 1;
			remoteGlobalIDString = 07F58AA5273584DC0083A94B;
			remoteInfo = CleanMVVM;
		};
		07F58AC1273584DE0083A94B /* PBXContainerItemProxy */ = {
			isa = PBXContainerItemProxy;
			containerPortal = 07F58A9E273584DC0083A94B /* Project object */;
			proxyType = 1;
			remoteGlobalIDString = 07F58AA5273584DC0083A94B;
			remoteInfo = CleanMVVM;
		};
/* End PBXContainerItemProxy section */

/* Begin PBXFileReference section */
		07F58AA6273584DC0083A94B /* CleanMVVM.app */ = {isa = PBXFileReference; explicitFileType = wrapper.application; includeInIndex = 0; path = CleanMVVM.app; sourceTree = BUILT_PRODUCTS_DIR; };
		07F58AA9273584DC0083A94B /* CleanMVVMApp.swift */ = {isa = PBXFileReference; lastKnownFileType = sourcecode.swift; path = CleanMVVMApp.swift; sourceTree = "<group>"; };
		07F58AAB273584DC0083A94B /* ContentView.swift */ = {isa = PBXFileReference; lastKnownFileType = sourcecode.swift; path = ContentView.swift; sourceTree = "<group>"; };
		07F58AAD273584DD0083A94B /* Assets.xcassets */ = {isa = PBXFileReference; lastKnownFileType = folder.assetcatalog; path = Assets.xcassets; sourceTree = "<group>"; };
		07F58AB0273584DD0083A94B /* Preview Assets.xcassets */ = {isa = PBXFileReference; lastKnownFileType = folder.assetcatalog; path = "Preview Assets.xcassets"; sourceTree = "<group>"; };
		07F58AB6273584DE0083A94B /* CleanMVVMTests.xctest */ = {isa = PBXFileReference; explicitFileType = wrapper.cfbundle; includeInIndex = 0; path = CleanMVVMTests.xctest; sourceTree = BUILT_PRODUCTS_DIR; };
		07F58ABA273584DE0083A94B /* CleanMVVMTests.swift */ = {isa = PBXFileReference; lastKnownFileType = sourcecode.swift; path = CleanMVVMTests.swift; sourceTree = "<group>"; };
		07F58AC0273584DE0083A94B /* CleanMVVMUITests.xctest */ = {isa = PBXFileReference; explicitFileType = wrapper.cfbundle; includeInIndex = 0; path = CleanMVVMUITests.xctest; sourceTree = BUILT_PRODUCTS_DIR; };
		07F58AC4273584DE0083A94B /* CleanMVVMUITests.swift */ = {isa = PBXFileReference; lastKnownFileType = sourcecode.swift; path = CleanMVVMUITests.swift; sourceTree = "<group>"; };
		07F58AC6273584DE0083A94B /* CleanMVVMUITestsLaunchTests.swift */ = {isa = PBXFileReference; lastKnownFileType = sourcecode.swift; path = CleanMVVMUITestsLaunchTests.swift; sourceTree = "<group>"; };
/* End PBXFileReference section */

/* Begin PBXFrameworksBuildPhase section */
		07F58AA3273584DC0083A94B /* Frameworks */ = {
			isa = PBXFrameworksBuildPhase;
			buildActionMask = 2147483647;
			files = (
			);
			runOnlyForDeploymentPostprocessing = 0;
		};
		07F58AB3273584DE0083A94B /* Frameworks */ = {
			isa = PBXFrameworksBuildPhase;
			buildActionMask = 2147483647;
			files = (
			);
			runOnlyForDeploymentPostprocessing = 0;
		};
		07F58ABD273584DE0083A94B /* Frameworks */ = {
			isa = PBXFrameworksBuildPhase;
			buildActionMask = 2147483647;
			files = (
			);
			runOnlyForDeploymentPostprocessing = 0;
		};
/* End PBXFrameworksBuildPhase section */

/* Begin PBXGroup section */
		07F58A9D273584DC0083A94B = {
			isa = PBXGroup;
			children = (
				07F58AA8273584DC0083A94B /* CleanMVVM */,
				07F58AB9273584DE0083A94B /* CleanMVVMTests */,
				07F58AC3273584DE0083A94B /* CleanMVVMUITests */,
				07F58AA7273584DC0083A94B /* Products */,
			);
			sourceTree = "<group>";
		};
		07F58AA7273584DC0083A94B /* Products */ = {
			isa = PBXGroup;
			children = (
				07F58AA6273584DC0083A94B /* CleanMVVM.app */,
				07F58AB6273584DE0083A94B /* CleanMVVMTests.xctest */,
				07F58AC0273584DE0083A94B /* CleanMVVMUITests.xctest */,
			);
			name = Products;
			sourceTree = "<group>";
		};
		07F58AA8273584DC0083A94B /* CleanMVVM */ = {
			isa = PBXGroup;
			children = (
				07F58AA9273584DC0083A94B /* CleanMVVMApp.swift */,
				07F58AAB273584DC0083A94B /* ContentView.swift */,
				07F58AAD273584DD0083A94B /* Assets.xcassets */,
				07F58AAF273584DD0083A94B /* Preview Content */,
			);
			path = CleanMVVM;
			sourceTree = "<group>";
		};
		07F58AAF273584DD0083A94B /* Preview Content */ = {
			isa = PBXGroup;
			children = (
				07F58AB0273584DD0083A94B /* Preview Assets.xcassets */,
			);
			path = "Preview Content";
			sourceTree = "<group>";
		};
		07F58AB9273584DE0083A94B /* CleanMVVMTests */ = {
			isa = PBXGroup;
			children = (
				07F58ABA273584DE0083A94B /* CleanMVVMTests.swift */,
			);
			path = CleanMVVMTests;
			sourceTree = "<group>";
		};
		07F58AC3273584DE0083A94B /* CleanMVVMUITests */ = {
			isa = PBXGroup;
			children = (
				07F58AC4273584DE0083A94B /* CleanMVVMUITests.swift */,
				07F58AC6273584DE0083A94B /* CleanMVVMUITestsLaunchTests.swift */,
			);
			path = CleanMVVMUITests;
			sourceTree = "<group>";
		};
/* End PBXGroup section */

/* Begin PBXNativeTarget section */
		07F58AA5273584DC0083A94B /* CleanMVVM */ = {
			isa = PBXNativeTarget;
			buildConfigurationList = 07F58ACA273584DE0083A94B /* Build configuration list for PBXNativeTarget "CleanMVVM" */;
			buildPhases = (
				07F58AA2273584DC0083A94B /* Sources */,
				07F58AA3273584DC0083A94B /* Frameworks */,
				07F58AA4273584DC0083A94B /* Resources */,
			);
			buildRules = (
			);
			dependencies = (
			);
			name = CleanMVVM;
			productName = CleanMVVM;
			productReference = 07F58AA6273584DC0083A94B /* CleanMVVM.app */;
			productType = "com.apple.product-type.application";
		};
		07F58AB5273584DE0083A94B /* CleanMVVMTests */ = {
			isa = PBXNativeTarget;
			buildConfigurationList = 07F58ACD273584DE0083A94B /* Build configuration list for PBXNativeTarget "CleanMVVMTests" */;
			buildPhases = (
				07F58AB2273584DE0083A94B /* Sources */,
				07F58AB3273584DE0083A94B /* Frameworks */,
				07F58AB4273584DE0083A94B /* Resources */,
			);
			buildRules = (
			);
			dependencies = (
				07F58AB8273584DE0083A94B /* PBXTargetDependency */,
			);
			name = CleanMVVMTests;
			productName = CleanMVVMTests;
			productReference = 07F58AB6273584DE0083A94B /* CleanMVVMTests.xctest */;
			productType = "com.apple.product-type.bundle.unit-test";
		};
		07F58ABF273584DE0083A94B /* CleanMVVMUITests */ = {
			isa = PBXNativeTarget;
			buildConfigurationList = 07F58AD0273584DE0083A94B /* Build configuration list for PBXNativeTarget "CleanMVVMUITests" */;
			buildPhases = (
				07F58ABC273584DE0083A94B /* Sources */,
				07F58ABD273584DE0083A94B /* Frameworks */,
				07F58ABE273584DE0083A94B /* Resources */,
			);
			buildRules = (
			);
			dependencies = (
				07F58AC2273584DE0083A94B /* PBXTargetDependency */,
			);
			name = CleanMVVMUITests;
			productName = CleanMVVMUITests;
			productReference = 07F58AC0273584DE0083A94B /* CleanMVVMUITests.xctest */;
			productType = "com.apple.product-type.bundle.ui-testing";
		};
/* End PBXNativeTarget section */

/* Begin PBXProject section */
		07F58A9E273584DC0083A94B /* Project object */ = {
			isa = PBXProject;
			attributes = {
				BuildIndependentTargetsInParallel = 1;
				LastSwiftUpdateCheck = 1310;
				LastUpgradeCheck = 1310;
				TargetAttributes = {
					07F58AA5273584DC0083A94B = {
						CreatedOnToolsVersion = 13.1;
					};
					07F58AB5273584DE0083A94B = {
						CreatedOnToolsVersion = 13.1;
						TestTargetID = 07F58AA5273584DC0083A94B;
					};
					07F58ABF273584DE0083A94B = {
						CreatedOnToolsVersion = 13.1;
						TestTargetID = 07F58AA5273584DC0083A94B;
					};
				};
			};
			buildConfigurationList = 07F58AA1273584DC0083A94B /* Build configuration list for PBXProject "CleanMVVM" */;
			compatibilityVersion = "Xcode 13.0";
			developmentRegion = en;
			hasScannedForEncodings = 0;
			knownRegions = (
				en,
				Base,
			);
			mainGroup = 07F58A9D273584DC0083A94B;
			productRefGroup = 07F58AA7273584DC0083A94B /* Products */;
			projectDirPath = "";
			projectRoot = "";
			targets = (
				07F58AA5273584DC0083A94B /* CleanMVVM */,
				07F58AB5273584DE0083A94B /* CleanMVVMTests */,
				07F58ABF273584DE0083A94B /* CleanMVVMUITests */,
			);
		};
/* End PBXProject section */

/* Begin PBXResourcesBuildPhase section */
		07F58AA4273584DC0083A94B /* Resources */ = {
			isa = PBXResourcesBuildPhase;
			buildActionMask = 2147483647;
			files = (
				07F58AB1273584DD0083A94B /* Preview Assets.xcassets in Resources */,
				07F58AAE273584DD0083A94B /* Assets.xcassets in Resources */,
			);
			runOnlyForDeploymentPostprocessing = 0;
		};
		07F58AB4273584DE0083A94B /* Resources */ = {
			isa = PBXResourcesBuildPhase;
			buildActionMask = 2147483647;
			files = (
			);
			runOnlyForDeploymentPostprocessing = 0;
		};
		07F58ABE273584DE0083A94B /* Resources */ = {
			isa = PBXResourcesBuildPhase;
			buildActionMask = 2147483647;
			files = (
			);
			runOnlyForDeploymentPostprocessing = 0;
		};
/* End PBXResourcesBuildPhase section */

/* Begin PBXSourcesBuildPhase section */
		07F58AA2273584DC0083A94B /* Sources */ = {
			isa = PBXSourcesBuildPhase;
			buildActionMask = 2147483647;
			files = (
				07F58AAC273584DC0083A94B /* ContentView.swift in Sources */,
				07F58AAA273584DC0083A94B /* CleanMVVMApp.swift in Sources */,
			);
			runOnlyForDeploymentPostprocessing = 0;
		};
		07F58AB2273584DE0083A94B /* Sources */ = {
			isa = PBXSourcesBuildPhase;
			buildActionMask = 2147483647;
			files = (
				07F58ABB273584DE0083A94B /* CleanMVVMTests.swift in Sources */,
			);
			runOnlyForDeploymentPostprocessing = 0;
		};
		07F58ABC273584DE0083A94B /* Sources */ = {
			isa = PBXSourcesBuildPhase;
			buildActionMask = 2147483647;
			files = (
				07F58AC7273584DE0083A94B /* CleanMVVMUITestsLaunchTests.swift in Sources */,
				07F58AC5273584DE0083A94B /* CleanMVVMUITests.swift in Sources */,
			);
			runOnlyForDeploymentPostprocessing = 0;
		};
/* End PBXSourcesBuildPhase section */

/* Begin PBXTargetDependency section */
		07F58AB8273584DE0083A94B /* PBXTargetDependency */ = {
			isa = PBXTargetDependency;
			target = 07F58AA5273584DC0083A94B /* CleanMVVM */;
			targetProxy = 07F58AB7273584DE0083A94B /* PBXContainerItemProxy */;
		};
		07F58AC2273584DE0083A94B /* PBXTargetDependency */ = {
			isa = PBXTargetDependency;
			target = 07F58AA5273584DC0083A94B /* CleanMVVM */;
			targetProxy = 07F58AC1273584DE0083A94B /* PBXContainerItemProxy */;
		};
/* End PBXTargetDependency section */

/* Begin XCBuildConfiguration section */
		07F58AC8273584DE0083A94B /* Debug */ = {
			isa = XCBuildConfiguration;
			buildSettings = {
				ALWAYS_SEARCH_USER_PATHS = NO;
				CLANG_ANALYZER_NONNULL = YES;
				CLANG_ANALYZER_NUMBER_OBJECT_CONVERSION = YES_AGGRESSIVE;
				CLANG_CXX_LANGUAGE_STANDARD = "gnu++17";
				CLANG_CXX_LIBRARY = "libc++";
				CLANG_ENABLE_MODULES = YES;
				CLANG_ENABLE_OBJC_ARC = YES;
				CLANG_ENABLE_OBJC_WEAK = YES;
				CLANG_WARN_BLOCK_CAPTURE_AUTORELEASING = YES;
				CLANG_WARN_BOOL_CONVERSION = YES;
				CLANG_WARN_COMMA = YES;
				CLANG_WARN_CONSTANT_CONVERSION = YES;
				CLANG_WARN_DEPRECATED_OBJC_IMPLEMENTATIONS = YES;
				CLANG_WARN_DIRECT_OBJC_ISA_USAGE = YES_ERROR;
				CLANG_WARN_DOCUMENTATION_COMMENTS = YES;
				CLANG_WARN_EMPTY_BODY = YES;
				CLANG_WARN_ENUM_CONVERSION = YES;
				CLANG_WARN_INFINITE_RECURSION = YES;
				CLANG_WARN_INT_CONVERSION = YES;
				CLANG_WARN_NON_LITERAL_NULL_CONVERSION = YES;
				CLANG_WARN_OBJC_IMPLICIT_RETAIN_SELF = YES;
				CLANG_WARN_OBJC_LITERAL_CONVERSION = YES;
				CLANG_WARN_OBJC_ROOT_CLASS = YES_ERROR;
				CLANG_WARN_QUOTED_INCLUDE_IN_FRAMEWORK_HEADER = YES;
				CLANG_WARN_RANGE_LOOP_ANALYSIS = YES;
				CLANG_WARN_STRICT_PROTOTYPES = YES;
				CLANG_WARN_SUSPICIOUS_MOVE = YES;
				CLANG_WARN_UNGUARDED_AVAILABILITY = YES_AGGRESSIVE;
				CLANG_WARN_UNREACHABLE_CODE = YES;
				CLANG_WARN__DUPLICATE_METHOD_MATCH = YES;
				COPY_PHASE_STRIP = NO;
				DEBUG_INFORMATION_FORMAT = dwarf;
				ENABLE_STRICT_OBJC_MSGSEND = YES;
				ENABLE_TESTABILITY = YES;
				GCC_C_LANGUAGE_STANDARD = gnu11;
				GCC_DYNAMIC_NO_PIC = NO;
				GCC_NO_COMMON_BLOCKS = YES;
				GCC_OPTIMIZATION_LEVEL = 0;
				GCC_PREPROCESSOR_DEFINITIONS = (
					"DEBUG=1",
					"$(inherited)",
				);
				GCC_WARN_64_TO_32_BIT_CONVERSION = YES;
				GCC_WARN_ABOUT_RETURN_TYPE = YES_ERROR;
				GCC_WARN_UNDECLARED_SELECTOR = YES;
				GCC_WARN_UNINITIALIZED_AUTOS = YES_AGGRESSIVE;
				GCC_WARN_UNUSED_FUNCTION = YES;
				GCC_WARN_UNUSED_VARIABLE = YES;
				IPHONEOS_DEPLOYMENT_TARGET = 15.0;
				MTL_ENABLE_DEBUG_INFO = INCLUDE_SOURCE;
				MTL_FAST_MATH = YES;
				ONLY_ACTIVE_ARCH = YES;
				SDKROOT = iphoneos;
				SWIFT_ACTIVE_COMPILATION_CONDITIONS = DEBUG;
				SWIFT_OPTIMIZATION_LEVEL = "-Onone";
			};
			name = Debug;
		};
		07F58AC9273584DE0083A94B /* Release */ = {
			isa = XCBuildConfiguration;
			buildSettings = {
				ALWAYS_SEARCH_USER_PATHS = NO;
				CLANG_ANALYZER_NONNULL = YES;
				CLANG_ANALYZER_NUMBER_OBJECT_CONVERSION = YES_AGGRESSIVE;
				CLANG_CXX_LANGUAGE_STANDARD = "gnu++17";
				CLANG_CXX_LIBRARY = "libc++";
				CLANG_ENABLE_MODULES = YES;
				CLANG_ENABLE_OBJC_ARC = YES;
				CLANG_ENABLE_OBJC_WEAK = YES;
				CLANG_WARN_BLOCK_CAPTURE_AUTORELEASING = YES;
				CLANG_WARN_BOOL_CONVERSION = YES;
				CLANG_WARN_COMMA = YES;
				CLANG_WARN_CONSTANT_CONVERSION = YES;
				CLANG_WARN_DEPRECATED_OBJC_IMPLEMENTATIONS = YES;
				CLANG_WARN_DIRECT_OBJC_ISA_USAGE = YES_ERROR;
				CLANG_WARN_DOCUMENTATION_COMMENTS = YES;
				CLANG_WARN_EMPTY_BODY = YES;
				CLANG_WARN_ENUM_CONVERSION = YES;
				CLANG_WARN_INFINITE_RECURSION = YES;
				CLANG_WARN_INT_CONVERSION = YES;
				CLANG_WARN_NON_LITERAL_NULL_CONVERSION = YES;
				CLANG_WARN_OBJC_IMPLICIT_RETAIN_SELF = YES;
				CLANG_WARN_OBJC_LITERAL_CONVERSION = YES;
				CLANG_WARN_OBJC_ROOT_CLASS = YES_ERROR;
				CLANG_WARN_QUOTED_INCLUDE_IN_FRAMEWORK_HEADER = YES;
				CLANG_WARN_RANGE_LOOP_ANALYSIS = YES;
				CLANG_WARN_STRICT_PROTOTYPES = YES;
				CLANG_WARN_SUSPICIOUS_MOVE = YES;
				CLANG_WARN_UNGUARDED_AVAILABILITY = YES_AGGRESSIVE;
				CLANG_WARN_UNREACHABLE_CODE = YES;
				CLANG_WARN__DUPLICATE_METHOD_MATCH = YES;
				COPY_PHASE_STRIP = NO;
				DEBUG_INFORMATION_FORMAT = "dwarf-with-dsym";
				ENABLE_NS_ASSERTIONS = NO;
				ENABLE_STRICT_OBJC_MSGSEND = YES;
				GCC_C_LANGUAGE_STANDARD = gnu11;
				GCC_NO_COMMON_BLOCKS = YES;
				GCC_WARN_64_TO_32_BIT_CONVERSION = YES;
				GCC_WARN_ABOUT_RETURN_TYPE = YES_ERROR;
				GCC_WARN_UNDECLARED_SELECTOR = YES;
				GCC_WARN_UNINITIALIZED_AUTOS = YES_AGGRESSIVE;
				GCC_WARN_UNUSED_FUNCTION = YES;
				GCC_WARN_UNUSED_VARIABLE = YES;
				IPHONEOS_DEPLOYMENT_TARGET = 15.0;
				MTL_ENABLE_DEBUG_INFO = NO;
				MTL_FAST_MATH = YES;
				SDKROOT = iphoneos;
				SWIFT_COMPILATION_MODE = wholemodule;
				SWIFT_OPTIMIZATION_LEVEL = "-O";
				VALIDATE_PRODUCT = YES;
			};
			name = Release;
		};
		07F58ACB273584DE0083A94B /* Debug */ = {
			isa = XCBuildConfiguration;
			buildSettings = {
				ASSETCATALOG_COMPILER_APPICON_NAME = AppIcon;
				ASSETCATALOG_COMPILER_GLOBAL_ACCENT_COLOR_NAME = AccentColor;
				CODE_SIGN_STYLE = Automatic;
				CURRENT_PROJECT_VERSION = 1;
				DEVELOPMENT_ASSET_PATHS = "\"CleanMVVM/Preview Content\"";
				ENABLE_PREVIEWS = YES;
				GENERATE_INFOPLIST_FILE = YES;
				INFOPLIST_KEY_UIApplicationSceneManifest_Generation = YES;
				INFOPLIST_KEY_UIApplicationSupportsIndirectInputEvents = YES;
				INFOPLIST_KEY_UILaunchScreen_Generation = YES;
				INFOPLIST_KEY_UISupportedInterfaceOrientations_iPad = "UIInterfaceOrientationPortrait UIInterfaceOrientationPortraitUpsideDown UIInterfaceOrientationLandscapeLeft UIInterfaceOrientationLandscapeRight";
				INFOPLIST_KEY_UISupportedInterfaceOrientations_iPhone = "UIInterfaceOrientationPortrait UIInterfaceOrientationLandscapeLeft UIInterfaceOrientationLandscapeRight";
				LD_RUNPATH_SEARCH_PATHS = (
					"$(inherited)",
					"@executable_path/Frameworks",
				);
				MARKETING_VERSION = 1.0;
				PRODUCT_BUNDLE_IDENTIFIER = YahiaMosaad.CleanMVVM;
				PRODUCT_NAME = "$(TARGET_NAME)";
				SWIFT_EMIT_LOC_STRINGS = YES;
				SWIFT_VERSION = 5.0;
				TARGETED_DEVICE_FAMILY = "1,2";
			};
			name = Debug;
		};
		07F58ACC273584DE0083A94B /* Release */ = {
			isa = XCBuildConfiguration;
			buildSettings = {
				ASSETCATALOG_COMPILER_APPICON_NAME = AppIcon;
				ASSETCATALOG_COMPILER_GLOBAL_ACCENT_COLOR_NAME = AccentColor;
				CODE_SIGN_STYLE = Automatic;
				CURRENT_PROJECT_VERSION = 1;
				DEVELOPMENT_ASSET_PATHS = "\"CleanMVVM/Preview Content\"";
				ENABLE_PREVIEWS = YES;
				GENERATE_INFOPLIST_FILE = YES;
				INFOPLIST_KEY_UIApplicationSceneManifest_Generation = YES;
				INFOPLIST_KEY_UIApplicationSupportsIndirectInputEvents = YES;
				INFOPLIST_KEY_UILaunchScreen_Generation = YES;
				INFOPLIST_KEY_UISupportedInterfaceOrientations_iPad = "UIInterfaceOrientationPortrait UIInterfaceOrientationPortraitUpsideDown UIInterfaceOrientationLandscapeLeft UIInterfaceOrientationLandscapeRight";
				INFOPLIST_KEY_UISupportedInterfaceOrientations_iPhone = "UIInterfaceOrientationPortrait UIInterfaceOrientationLandscapeLeft UIInterfaceOrientationLandscapeRight";
				LD_RUNPATH_SEARCH_PATHS = (
					"$(inherited)",
					"@executable_path/Frameworks",
				);
				MARKETING_VERSION = 1.0;
				PRODUCT_BUNDLE_IDENTIFIER = YahiaMosaad.CleanMVVM;
				PRODUCT_NAME = "$(TARGET_NAME)";
				SWIFT_EMIT_LOC_STRINGS = YES;
				SWIFT_VERSION = 5.0;
				TARGETED_DEVICE_FAMILY = "1,2";
			};
			name = Release;
		};
		07F58ACE273584DE0083A94B /* Debug */ = {
			isa = XCBuildConfiguration;
			buildSettings = {
				ALWAYS_EMBED_SWIFT_STANDARD_LIBRARIES = YES;
				BUNDLE_LOADER = "$(TEST_HOST)";
				CODE_SIGN_STYLE = Automatic;
				CURRENT_PROJECT_VERSION = 1;
				GENERATE_INFOPLIST_FILE = YES;
				IPHONEOS_DEPLOYMENT_TARGET = 15.0;
				LD_RUNPATH_SEARCH_PATHS = (
					"$(inherited)",
					"@executable_path/Frameworks",
					"@loader_path/Frameworks",
				);
				MARKETING_VERSION = 1.0;
				PRODUCT_BUNDLE_IDENTIFIER = YahiaMosaad.CleanMVVMTests;
				PRODUCT_NAME = "$(TARGET_NAME)";
				SWIFT_EMIT_LOC_STRINGS = NO;
				SWIFT_VERSION = 5.0;
				TARGETED_DEVICE_FAMILY = "1,2";
				TEST_HOST = "$(BUILT_PRODUCTS_DIR)/CleanMVVM.app/CleanMVVM";
			};
			name = Debug;
		};
		07F58ACF273584DE0083A94B /* Release */ = {
			isa = XCBuildConfiguration;
			buildSettings = {
				ALWAYS_EMBED_SWIFT_STANDARD_LIBRARIES = YES;
				BUNDLE_LOADER = "$(TEST_HOST)";
				CODE_SIGN_STYLE = Automatic;
				CURRENT_PROJECT_VERSION = 1;
				GENERATE_INFOPLIST_FILE = YES;
				IPHONEOS_DEPLOYMENT_TARGET = 15.0;
				LD_RUNPATH_SEARCH_PATHS = (
					"$(inherited)",
					"@executable_path/Frameworks",
					"@loader_path/Frameworks",
				);
				MARKETING_VERSION = 1.0;
				PRODUCT_BUNDLE_IDENTIFIER = YahiaMosaad.CleanMVVMTests;
				PRODUCT_NAME = "$(TARGET_NAME)";
				SWIFT_EMIT_LOC_STRINGS = NO;
				SWIFT_VERSION = 5.0;
				TARGETED_DEVICE_FAMILY = "1,2";
				TEST_HOST = "$(BUILT_PRODUCTS_DIR)/CleanMVVM.app/CleanMVVM";
			};
			name = Release;
		};
		07F58AD1273584DE0083A94B /* Debug */ = {
			isa = XCBuildConfiguration;
			buildSettings = {
				ALWAYS_EMBED_SWIFT_STANDARD_LIBRARIES = YES;
				CODE_SIGN_STYLE = Automatic;
				CURRENT_PROJECT_VERSION = 1;
				GENERATE_INFOPLIST_FILE = YES;
				LD_RUNPATH_SEARCH_PATHS = (
					"$(inherited)",
					"@executable_path/Frameworks",
					"@loader_path/Frameworks",
				);
				MARKETING_VERSION = 1.0;
				PRODUCT_BUNDLE_IDENTIFIER = YahiaMosaad.CleanMVVMUITests;
				PRODUCT_NAME = "$(TARGET_NAME)";
				SWIFT_EMIT_LOC_STRINGS = NO;
				SWIFT_VERSION = 5.0;
				TARGETED_DEVICE_FAMILY = "1,2";
				TEST_TARGET_NAME = CleanMVVM;
			};
			name = Debug;
		};
		07F58AD2273584DE0083A94B /* Release */ = {
			isa = XCBuildConfiguration;
			buildSettings = {
				ALWAYS_EMBED_SWIFT_STANDARD_LIBRARIES = YES;
				CODE_SIGN_STYLE = Automatic;
				CURRENT_PROJECT_VERSION = 1;
				GENERATE_INFOPLIST_FILE = YES;
				LD_RUNPATH_SEARCH_PATHS = (
					"$(inherited)",
					"@executable_path/Frameworks",
					"@loader_path/Frameworks",
				);
				MARKETING_VERSION = 1.0;
				PRODUCT_BUNDLE_IDENTIFIER = YahiaMosaad.CleanMVVMUITests;
				PRODUCT_NAME = "$(TARGET_NAME)";
				SWIFT_EMIT_LOC_STRINGS = NO;
				SWIFT_VERSION = 5.0;
				TARGETED_DEVICE_FAMILY = "1,2";
				TEST_TARGET_NAME = CleanMVVM;
			};
			name = Release;
		};
/* End XCBuildConfiguration section */

/* Begin XCConfigurationList section */
		07F58AA1273584DC0083A94B /* Build configuration list for PBXProject "CleanMVVM" */ = {
			isa = XCConfigurationList;
			buildConfigurations = (
				07F58AC8273584DE0083A94B /* Debug */,
				07F58AC9273584DE0083A94B /* Release */,
			);
			defaultConfigurationIsVisible = 0;
			defaultConfigurationName = Release;
		};
		07F58ACA273584DE0083A94B /* Build configuration list for PBXNativeTarget "CleanMVVM" */ = {
			isa = XCConfigurationList;
			buildConfigurations = (
				07F58ACB273584DE0083A94B /* Debug */,
				07F58ACC273584DE0083A94B /* Release */,
			);
			defaultConfigurationIsVisible = 0;
			defaultConfigurationName = Release;
		};
		07F58ACD273584DE0083A94B /* Build configuration list for PBXNativeTarget "CleanMVVMTests" */ = {
			isa = XCConfigurationList;
			buildConfigurations = (
				07F58ACE273584DE0083A94B /* Debug */,
				07F58ACF273584DE0083A94B /* Release */,
			);
			defaultConfigurationIsVisible = 0;
			defaultConfigurationName = Release;
		};
		07F58AD0273584DE0083A94B /* Build configuration list for PBXNativeTarget "CleanMVVMUITests" */ = {
			isa = XCConfigurationList;
			buildConfigurations = (
				07F58AD1273584DE0083A94B /* Debug */,
				07F58AD2273584DE0083A94B /* Release */,
			);
			defaultConfigurationIsVisible = 0;
			defaultConfigurationName = Release;
		};
/* End XCConfigurationList section */
	};
	rootObject = 07F58A9E273584DC0083A94B /* Project object */;
}
